
Microsoft Visual Studio Solution File, Format Version 11.00
# Visual Studio 2010
Project("{FAE04EC0-301F-11D3-BF4B-00C04F79EFBC}") = "Kyles_Game", "Project\Project\Kyles_Game.csproj", "{11D32658-C9B5-4F88-B975-40C513499F28}"
EndProject
Project("{FAE04EC0-301F-11D3-BF4B-00C04F79EFBC}") = "ProjectContent", "Project\ProjectContent\ProjectContent.contentproj", "{FE254885-2644-44C8-921D-0D47325EF663}"
EndProject
Global
	GlobalSection(SolutionConfigurationPlatforms) = preSolution
		Debug|x86 = Debug|x86
		Release|x86 = Release|x86
	EndGlobalSection
	GlobalSection(ProjectConfigurationPlatforms) = postSolution
		{11D32658-C9B5-4F88-B975-40C513499F28}.Debug|x86.ActiveCfg = Debug|x86
		{11D32658-C9B5-4F88-B975-40C513499F28}.Debug|x86.Build.0 = Debug|x86
		{11D32658-C9B5-4F88-B975-40C513499F28}.Release|x86.ActiveCfg = Release|x86
		{11D32658-C9B5-4F88-B975-40C513499F28}.Release|x86.Build.0 = Release|x86
		{FE254885-2644-44C8-921D-0D47325EF663}.Debug|x86.ActiveCfg = Debug|x86
		{FE254885-2644-44C8-921D-0D47325EF663}.Release|x86.ActiveCfg = Release|x86
	EndGlobalSection
	GlobalSection(SolutionProperties) = preSolution
		HideSolutionNode = FALSE
	EndGlobalSection
EndGlobal
